<Solution>
  <Project Path="MC_ClickToPay.Api/MC_ClickToPay.Api.csproj" />
  <Project Path="MC_ClickToPay.Services/MC_ClickToPay.Services/MC_ClickToPay.Services.csproj" />
  <Folder Name="/demo/">
    <Project Path="../demo/MC_ClickToPay.PaymentDemo.Api/MC_ClickToPay.PaymentDemo.Api.csproj" />
    <Project Path="../demo/MC_ClickToPay.PaymentDemo.Api.Tests/MC_ClickToPay.PaymentDemo.Api.Tests.csproj" />
    <Project Path="../demo/PowerTranz3DSecurePoc/PowerTranz3DSecurePoc.csproj" />
  </Folder>
  <Folder Name="/tests/">
    <Project Path="../tests/MC_ClickToPay.Api.Tests/MC_ClickToPay.Api.Tests.csproj" />
    <Project Path="../tests/MC_ClickToPay.Services.Tests/MC_ClickToPay.Services.Tests.csproj" />
  </Folder>
</Solution>
